PODS:
  - blue_thermal_printer (0.0.1):
    - Flutter
  - charset_converter (0.0.1):
    - Flutter
  - connectivity_plus (0.0.1):
    - Flutter
    - FlutterMacOS
  - Flutter (1.0.0)
  - flutter_charset_detector_darwin (0.0.1):
    - Flutter
    - FlutterMacOS
    - UniversalDetector2 (= 2.0.1)
  - flutter_native_splash (0.0.1):
    - Flutter
  - fluttertoast (0.0.2):
    - Flutter
    - Toast
  - image_picker_ios (0.0.1):
    - Flutter
  - MTBBarcodeScanner (5.0.11)
  - network_info_plus (0.0.1):
    - Flutter
  - path_provider_foundation (0.0.1):
    - Flutter
    - FlutterMacOS
  - permission_handler_apple (9.3.0):
    - Flutter
  - printing (1.0.0):
    - Flutter
  - qr_code_scanner (0.2.0):
    - Flutter
    - MTBBarcodeScanner
  - shared_preferences_foundation (0.0.1):
    - Flutter
    - FlutterMacOS
  - sunmi_printer_plus (0.0.1):
    - Flutter
  - Toast (4.1.1)
  - UniversalDetector2 (2.0.1)
  - webcontent_converter (0.0.1):
    - Flutter
  - webview_flutter_wkwebview (0.0.1):
    - Flutter

DEPENDENCIES:
  - blue_thermal_printer (from `.symlinks/plugins/blue_thermal_printer/ios`)
  - charset_converter (from `.symlinks/plugins/charset_converter/ios`)
  - connectivity_plus (from `.symlinks/plugins/connectivity_plus/darwin`)
  - Flutter (from `Flutter`)
  - flutter_charset_detector_darwin (from `.symlinks/plugins/flutter_charset_detector_darwin/darwin`)
  - flutter_native_splash (from `.symlinks/plugins/flutter_native_splash/ios`)
  - fluttertoast (from `.symlinks/plugins/fluttertoast/ios`)
  - image_picker_ios (from `.symlinks/plugins/image_picker_ios/ios`)
  - network_info_plus (from `.symlinks/plugins/network_info_plus/ios`)
  - path_provider_foundation (from `.symlinks/plugins/path_provider_foundation/darwin`)
  - permission_handler_apple (from `.symlinks/plugins/permission_handler_apple/ios`)
  - printing (from `.symlinks/plugins/printing/ios`)
  - qr_code_scanner (from `.symlinks/plugins/qr_code_scanner/ios`)
  - shared_preferences_foundation (from `.symlinks/plugins/shared_preferences_foundation/darwin`)
  - sunmi_printer_plus (from `.symlinks/plugins/sunmi_printer_plus/ios`)
  - webcontent_converter (from `.symlinks/plugins/webcontent_converter/ios`)
  - webview_flutter_wkwebview (from `.symlinks/plugins/webview_flutter_wkwebview/ios`)

SPEC REPOS:
  trunk:
    - MTBBarcodeScanner
    - Toast
    - UniversalDetector2

EXTERNAL SOURCES:
  blue_thermal_printer:
    :path: ".symlinks/plugins/blue_thermal_printer/ios"
  charset_converter:
    :path: ".symlinks/plugins/charset_converter/ios"
  connectivity_plus:
    :path: ".symlinks/plugins/connectivity_plus/darwin"
  Flutter:
    :path: Flutter
  flutter_charset_detector_darwin:
    :path: ".symlinks/plugins/flutter_charset_detector_darwin/darwin"
  flutter_native_splash:
    :path: ".symlinks/plugins/flutter_native_splash/ios"
  fluttertoast:
    :path: ".symlinks/plugins/fluttertoast/ios"
  image_picker_ios:
    :path: ".symlinks/plugins/image_picker_ios/ios"
  network_info_plus:
    :path: ".symlinks/plugins/network_info_plus/ios"
  path_provider_foundation:
    :path: ".symlinks/plugins/path_provider_foundation/darwin"
  permission_handler_apple:
    :path: ".symlinks/plugins/permission_handler_apple/ios"
  printing:
    :path: ".symlinks/plugins/printing/ios"
  qr_code_scanner:
    :path: ".symlinks/plugins/qr_code_scanner/ios"
  shared_preferences_foundation:
    :path: ".symlinks/plugins/shared_preferences_foundation/darwin"
  sunmi_printer_plus:
    :path: ".symlinks/plugins/sunmi_printer_plus/ios"
  webcontent_converter:
    :path: ".symlinks/plugins/webcontent_converter/ios"
  webview_flutter_wkwebview:
    :path: ".symlinks/plugins/webview_flutter_wkwebview/ios"

SPEC CHECKSUMS:
  blue_thermal_printer: c83405103d2c17f8d67aaa43fcff94df5d616a66
  charset_converter: 215c7b04932ec2b9ba43be96a9bc34afed3e5322
  connectivity_plus: ddd7f30999e1faaef5967c23d5b6d503d10434db
  Flutter: e0871f40cf51350855a761d2e70bf5af5b9b5de7
  flutter_charset_detector_darwin: fb3692d6d72cb6afcce7b0dd1a9516be6e78556e
  flutter_native_splash: edf599c81f74d093a4daf8e17bd7a018854bc778
  fluttertoast: e9a18c7be5413da53898f660530c56f35edfba9c
  image_picker_ios: c560581cceedb403a6ff17f2f816d7fea1421fc1
  MTBBarcodeScanner: f453b33c4b7dfe545d8c6484ed744d55671788cb
  network_info_plus: b78876159360f5580608c2cea620d6ceffabd0ad
  path_provider_foundation: 2b6b4c569c0fb62ec74538f866245ac84301af46
  permission_handler_apple: 9878588469a2b0d0fc1e048d9f43605f92e6cec2
  printing: 233e1b73bd1f4a05615548e9b5a324c98588640b
  qr_code_scanner: bb67d64904c3b9658ada8c402e8b4d406d5d796e
  shared_preferences_foundation: fcdcbc04712aee1108ac7fda236f363274528f78
  sunmi_printer_plus: 4ab3f09a655a47913c53ff5219323cbb04ebfbd7
  Toast: 1f5ea13423a1e6674c4abdac5be53587ae481c4e
  UniversalDetector2: 7c9ffd935cf050eeb19edf7e90f6febe3743a1af
  webcontent_converter: baa47c5fc5a9e8d703897a0b128f969c58fd2c7f
  webview_flutter_wkwebview: 2a23822e9039b7b1bc52e5add778e5d89ad488d1

PODFILE CHECKSUM: 0abad56c15b14efff4eb7244a7ca355ba31d264a

COCOAPODS: 1.15.2
